Microsoft Visual Studio Solution File, Format Version 12.00
# Visual Studio Version 17
VisualStudioVersion = 17.5.2.0
MinimumVisualStudioVersion = 10.0.40219.1
Project("{2150E333-8FDC-42A3-9474-1A3956D46DE8}") = "src", "src", "{827E0CD3-B72D-47B6-A68D-7590B98EB39B}"
EndProject
Project("{FAE04EC0-301F-11D3-BF4B-00C04F79EFBC}") = "Mockery", "src\Mockery\Mockery.csproj", "{771F1B91-66BC-E8FF-D4D0-D5EFA09E50C6}"
EndProject
Project("{FAE04EC0-301F-11D3-BF4B-00C04F79EFBC}") = "Mockery.Test", "src\Mockery.Test\Mockery.Test.csproj", "{59D9D2D8-50E9-5D86-DEA2-A1AC5E83D0E4}"
EndProject
Global
	GlobalSection(SolutionConfigurationPlatforms) = preSolution
		Debug|Any CPU = Debug|Any CPU
		Release|Any CPU = Release|Any CPU
	EndGlobalSection
	GlobalSection(ProjectConfigurationPlatforms) = postSolution
		{771F1B91-66BC-E8FF-D4D0-D5EFA09E50C6}.Debug|Any CPU.ActiveCfg = Debug|Any CPU
		{771F1B91-66BC-E8FF-D4D0-D5EFA09E50C6}.Debug|Any CPU.Build.0 = Debug|Any CPU
		{771F1B91-66BC-E8FF-D4D0-D5EFA09E50C6}.Release|Any CPU.ActiveCfg = Release|Any CPU
		{771F1B91-66BC-E8FF-D4D0-D5EFA09E50C6}.Release|Any CPU.Build.0 = Release|Any CPU
		{59D9D2D8-50E9-5D86-DEA2-A1AC5E83D0E4}.Debug|Any CPU.ActiveCfg = Debug|Any CPU
		{59D9D2D8-50E9-5D86-DEA2-A1AC5E83D0E4}.Debug|Any CPU.Build.0 = Debug|Any CPU
		{59D9D2D8-50E9-5D86-DEA2-A1AC5E83D0E4}.Release|Any CPU.ActiveCfg = Release|Any CPU
		{59D9D2D8-50E9-5D86-DEA2-A1AC5E83D0E4}.Release|Any CPU.Build.0 = Release|Any CPU
	EndGlobalSection
	GlobalSection(SolutionProperties) = preSolution
		HideSolutionNode = FALSE
	EndGlobalSection
	GlobalSection(NestedProjects) = preSolution
		{771F1B91-66BC-E8FF-D4D0-D5EFA09E50C6} = {827E0CD3-B72D-47B6-A68D-7590B98EB39B}
		{59D9D2D8-50E9-5D86-DEA2-A1AC5E83D0E4} = {827E0CD3-B72D-47B6-A68D-7590B98EB39B}
	EndGlobalSection
	GlobalSection(ExtensibilityGlobals) = postSolution
		SolutionGuid = {CAB64692-BA0B-4105-B118-CE109B826128}
	EndGlobalSection
EndGlobal
